// !$*UTF8*$!
{
	archiveVersion = 1;
	classes = {
	};
	objectVersion = 46;
	objects = {

/* Begin PBXGroup section */
		6AB6C7781C4EF5A9008EAB35 = {
			isa = PBXGroup;
			children = (
			);
			sourceTree = "<group>";
		};
/* End PBXGroup section */

/* Begin PBXProject section */
		6AB6C7791C4EF5A9008EAB35 /* Project object */ = {
			isa = PBXProject;
			attributes = {
				LastUpgradeCheck = 0720;
			};
			buildConfigurationList = 6AB6C77C1C4EF5A9008EAB35 /* Build configuration list for PBXProject "COEN346" */;
			compatibilityVersion = "Xcode 3.2";
			developmentRegion = English;
			hasScannedForEncodings = 0;
			knownRegions = (
				en,
			);
			mainGroup = 6AB6C7781C4EF5A9008EAB35;
			projectDirPath = "";
			projectRoot = "";
			targets = (
			);
		};
/* End PBXProject section */

/* Begin XCBuildConfiguration section */
		6AB6C77D1C4EF5A9008EAB35 /* Debug */ = {
			isa = XCBuildConfiguration;
			buildSettings = {
			};
			name = Debug;
		};
		6AB6C77E1C4EF5A9008EAB35 /* Release */ = {
			isa = XCBuildConfiguration;
			buildSettings = {
			};
			name = Release;
		};
/* End XCBuildConfiguration section */

/* Begin XCConfigurationList section */
		6AB6C77C1C4EF5A9008EAB35 /* Build configuration list for PBXProject "COEN346" */ = {
			isa = XCConfigurationList;
			buildConfigurations = (
				6AB6C77D1C4EF5A9008EAB35 /* Debug */,
				6AB6C77E1C4EF5A9008EAB35 /* Release */,
			);
			defaultConfigurationIsVisible = 0;
			defaultConfigurationName = Release;
		};
/* End XCConfigurationList section */
	};
	rootObject = 6AB6C7791C4EF5A9008EAB35 /* Project object */;
}
